// !$*UTF8*$!
{
	archiveVersion = 1;
	classes = {
	};
	objectVersion = 46;
	objects = {

/* Begin PBXBuildFile section */
		244889D61F029B960034285B /* Twitter.blank.plist in Resources */ = {isa = PBXBuildFile; fileRef = 244889D51F029B960034285B /* Twitter.blank.plist */; };
		24B839AA1EF96ECE0096D6B9 /* AppDelegate.swift in Sources */ = {isa = PBXBuildFile; fileRef = 24B839A91EF96ECE0096D6B9 /* AppDelegate.swift */; };
		24B839AC1EF96ECE0096D6B9 /* ViewController.swift in Sources */ = {isa = PBXBuildFile; fileRef = 24B839AB1EF96ECE0096D6B9 /* ViewController.swift */; };
		24B839AF1EF96ECE0096D6B9 /* Main.storyboard in Resources */ = {isa = PBXBuildFile; fileRef = 24B839AD1EF96ECE0096D6B9 /* Main.storyboard */; };
		24B839B11EF96ECE0096D6B9 /* Assets.xcassets in Resources */ = {isa = PBXBuildFile; fileRef = 24B839B01EF96ECE0096D6B9 /* Assets.xcassets */; };
		24B839B41EF96ECE0096D6B9 /* LaunchScreen.storyboard in Resources */ = {isa = PBXBuildFile; fileRef = 24B839B21EF96ECE0096D6B9 /* LaunchScreen.storyboard */; };
		24B839BF1EF96ECF0096D6B9 /* TweetJSONTests.swift in Sources */ = {isa = PBXBuildFile; fileRef = 24B839BE1EF96ECF0096D6B9 /* TweetJSONTests.swift */; };
		24B839CA1EF96ECF0096D6B9 /* TweetJSONUITests.swift in Sources */ = {isa = PBXBuildFile; fileRef = 24B839C91EF96ECF0096D6B9 /* TweetJSONUITests.swift */; };
		24B839E01EF96F780096D6B9 /* Twitter.plist in Resources */ = {isa = PBXBuildFile; fileRef = 24B839DF1EF96F780096D6B9 /* Twitter.plist */; };
		41C4148955876A37C8E448F1 /* libPods-TweetJSONUITests.a in Frameworks */ = {isa = PBXBuildFile; fileRef = 231C1014EA4FB5C5959B2F97 /* libPods-TweetJSONUITests.a */; };
		AF522DDE7A48DEAF8E87BECD /* Pods_TweetJSON_TweetJSONTests.framework in Frameworks */ = {isa = PBXBuildFile; fileRef = 1F381CA6F51453C89D88F6D0 /* Pods_TweetJSON_TweetJSONTests.framework */; };
		B848A92B3D04C8D652632D71 /* libPods-TweetJSONTests.a in Frameworks */ = {isa = PBXBuildFile; fileRef = F4126F94E00C892BB2EA1C4D /* libPods-TweetJSONTests.a */; };
		D50BD8AFC4C6633A988D5968 /* Pods_TweetJSON_TweetJSONUITests.framework in Frameworks */ = {isa = PBXBuildFile; fileRef = 6D554BDC65DCEA5F5A62D832 /* Pods_TweetJSON_TweetJSONUITests.framework */; };
		DB6F8FCCB0FF7948D9E2BE58 /* Pods_TweetJSON.framework in Frameworks */ = {isa = PBXBuildFile; fileRef = 30304B4DFCCC8E4D1B9BD665 /* Pods_TweetJSON.framework */; };
/* End PBXBuildFile section */

/* Begin PBXContainerItemProxy section */
		24B839BB1EF96ECF0096D6B9 /* PBXContainerItemProxy */ = {
			isa = PBXContainerItemProxy;
			containerPortal = 24B8399E1EF96ECE0096D6B9 /* Project object */;
			proxyType = 1;
			remoteGlobalIDString = 24B839A51EF96ECE0096D6B9;
			remoteInfo = TweetJSON;
		};
		24B839C61EF96ECF0096D6B9 /* PBXContainerItemProxy */ = {
			isa = PBXContainerItemProxy;
			containerPortal = 24B8399E1EF96ECE0096D6B9 /* Project object */;
			proxyType = 1;
			remoteGlobalIDString = 24B839A51EF96ECE0096D6B9;
			remoteInfo = TweetJSON;
		};
/* End PBXContainerItemProxy section */

/* Begin PBXFileReference section */
		004A8F15643CDA5915762499 /* Pods-TweetJSON-TweetJSONUITests.debug.xcconfig */ = {isa = PBXFileReference; includeInIndex = 1; lastKnownFileType = text.xcconfig; name = "Pods-TweetJSON-TweetJSONUITests.debug.xcconfig"; path = "Pods/Target Support Files/Pods-TweetJSON-TweetJSONUITests/Pods-TweetJSON-TweetJSONUITests.debug.xcconfig"; sourceTree = "<group>"; };
		1F381CA6F51453C89D88F6D0 /* Pods_TweetJSON_TweetJSONTests.framework */ = {isa = PBXFileReference; explicitFileType = wrapper.framework; includeInIndex = 0; path = Pods_TweetJSON_TweetJSONTests.framework; sourceTree = BUILT_PRODUCTS_DIR; };
		231C1014EA4FB5C5959B2F97 /* libPods-TweetJSONUITests.a */ = {isa = PBXFileReference; explicitFileType = archive.ar; includeInIndex = 0; path = "libPods-TweetJSONUITests.a"; sourceTree = BUILT_PRODUCTS_DIR; };
		244889D51F029B960034285B /* Twitter.blank.plist */ = {isa = PBXFileReference; fileEncoding = 4; lastKnownFileType = text.plist.xml; path = Twitter.blank.plist; sourceTree = "<group>"; };
		247011BC1F02B95500171E20 /* LICENSE */ = {isa = PBXFileReference; lastKnownFileType = text; path = LICENSE; sourceTree = SOURCE_ROOT; };
		247011BD1F02B95500171E20 /* README.md */ = {isa = PBXFileReference; lastKnownFileType = net.daringfireball.markdown; path = README.md; sourceTree = SOURCE_ROOT; };
		24B839A61EF96ECE0096D6B9 /* TweetJSON.app */ = {isa = PBXFileReference; explicitFileType = wrapper.application; includeInIndex = 0; path = TweetJSON.app; sourceTree = BUILT_PRODUCTS_DIR; };
		24B839A91EF96ECE0096D6B9 /* AppDelegate.swift */ = {isa = PBXFileReference; lastKnownFileType = sourcecode.swift; path = AppDelegate.swift; sourceTree = "<group>"; };
		24B839AB1EF96ECE0096D6B9 /* ViewController.swift */ = {isa = PBXFileReference; lastKnownFileType = sourcecode.swift; path = ViewController.swift; sourceTree = "<group>"; };
		24B839AE1EF96ECE0096D6B9 /* Base */ = {isa = PBXFileReference; lastKnownFileType = file.storyboard; name = Base; path = Base.lproj/Main.storyboard; sourceTree = "<group>"; };
		24B839B01EF96ECE0096D6B9 /* Assets.xcassets */ = {isa = PBXFileReference; lastKnownFileType = folder.assetcatalog; path = Assets.xcassets; sourceTree = "<group>"; };
		24B839B31EF96ECE0096D6B9 /* Base */ = {isa = PBXFileReference; lastKnownFileType = file.storyboard; name = Base; path = Base.lproj/LaunchScreen.storyboard; sourceTree = "<group>"; };
		24B839B51EF96ECE0096D6B9 /* Info.plist */ = {isa = PBXFileReference; lastKnownFileType = text.plist.xml; path = Info.plist; sourceTree = "<group>"; };
		24B839BA1EF96ECF0096D6B9 /* TweetJSONTests.xctest */ = {isa = PBXFileReference; explicitFileType = wrapper.cfbundle; includeInIndex = 0; path = TweetJSONTests.xctest; sourceTree = BUILT_PRODUCTS_DIR; };
		24B839BE1EF96ECF0096D6B9 /* TweetJSONTests.swift */ = {isa = PBXFileReference; lastKnownFileType = sourcecode.swift; path = TweetJSONTests.swift; sourceTree = "<group>"; };
		24B839C01EF96ECF0096D6B9 /* Info.plist */ = {isa = PBXFileReference; lastKnownFileType = text.plist.xml; path = Info.plist; sourceTree = "<group>"; };
		24B839C51EF96ECF0096D6B9 /* TweetJSONUITests.xctest */ = {isa = PBXFileReference; explicitFileType = wrapper.cfbundle; includeInIndex = 0; path = TweetJSONUITests.xctest; sourceTree = BUILT_PRODUCTS_DIR; };
		24B839C91EF96ECF0096D6B9 /* TweetJSONUITests.swift */ = {isa = PBXFileReference; lastKnownFileType = sourcecode.swift; path = TweetJSONUITests.swift; sourceTree = "<group>"; };
		24B839CB1EF96ECF0096D6B9 /* Info.plist */ = {isa = PBXFileReference; lastKnownFileType = text.plist.xml; path = Info.plist; sourceTree = "<group>"; };
		24B839DF1EF96F780096D6B9 /* Twitter.plist */ = {isa = PBXFileReference; fileEncoding = 4; lastKnownFileType = text.plist.xml; path = Twitter.plist; sourceTree = "<group>"; };
		30304B4DFCCC8E4D1B9BD665 /* Pods_TweetJSON.framework */ = {isa = PBXFileReference; explicitFileType = wrapper.framework; includeInIndex = 0; path = Pods_TweetJSON.framework; sourceTree = BUILT_PRODUCTS_DIR; };
		409300454FD5B0E7DF8A500E /* Pods-TweetJSON.release.xcconfig */ = {isa = PBXFileReference; includeInIndex = 1; lastKnownFileType = text.xcconfig; name = "Pods-TweetJSON.release.xcconfig"; path = "Pods/Target Support Files/Pods-TweetJSON/Pods-TweetJSON.release.xcconfig"; sourceTree = "<group>"; };
		4459BD15132EF89716DF1AC4 /* Pods-TweetJSON-TweetJSONTests.debug.xcconfig */ = {isa = PBXFileReference; includeInIndex = 1; lastKnownFileType = text.xcconfig; name = "Pods-TweetJSON-TweetJSONTests.debug.xcconfig"; path = "Pods/Target Support Files/Pods-TweetJSON-TweetJSONTests/Pods-TweetJSON-TweetJSONTests.debug.xcconfig"; sourceTree = "<group>"; };
		6D554BDC65DCEA5F5A62D832 /* Pods_TweetJSON_TweetJSONUITests.framework */ = {isa = PBXFileReference; explicitFileType = wrapper.framework; includeInIndex = 0; path = Pods_TweetJSON_TweetJSONUITests.framework; sourceTree = BUILT_PRODUCTS_DIR; };
		6EE71E8FD33D75528274DA8E /* Pods-TweetJSONTests.debug.xcconfig */ = {isa = PBXFileReference; includeInIndex = 1; lastKnownFileType = text.xcconfig; name = "Pods-TweetJSONTests.debug.xcconfig"; path = "Pods/Target Support Files/Pods-TweetJSONTests/Pods-TweetJSONTests.debug.xcconfig"; sourceTree = "<group>"; };
		7C737550AE98C3AB9F64090B /* Pods-TweetJSON-TweetJSONUITests.release.xcconfig */ = {isa = PBXFileReference; includeInIndex = 1; lastKnownFileType = text.xcconfig; name = "Pods-TweetJSON-TweetJSONUITests.release.xcconfig"; path = "Pods/Target Support Files/Pods-TweetJSON-TweetJSONUITests/Pods-TweetJSON-TweetJSONUITests.release.xcconfig"; sourceTree = "<group>"; };
		B2D2693DE6DC82872C1585C4 /* Pods-TweetJSON-TweetJSONTests.release.xcconfig */ = {isa = PBXFileReference; includeInIndex = 1; lastKnownFileType = text.xcconfig; name = "Pods-TweetJSON-TweetJSONTests.release.xcconfig"; path = "Pods/Target Support Files/Pods-TweetJSON-TweetJSONTests/Pods-TweetJSON-TweetJSONTests.release.xcconfig"; sourceTree = "<group>"; };
		B94548A9E77C7CCAD0A8A8C5 /* Pods-TweetJSON.debug.xcconfig */ = {isa = PBXFileReference; includeInIndex = 1; lastKnownFileType = text.xcconfig; name = "Pods-TweetJSON.debug.xcconfig"; path = "Pods/Target Support Files/Pods-TweetJSON/Pods-TweetJSON.debug.xcconfig"; sourceTree = "<group>"; };
		D5465EC9F3AA6B61921582CA /* Pods-TweetJSONUITests.debug.xcconfig */ = {isa = PBXFileReference; includeInIndex = 1; lastKnownFileType = text.xcconfig; name = "Pods-TweetJSONUITests.debug.xcconfig"; path = "Pods/Target Support Files/Pods-TweetJSONUITests/Pods-TweetJSONUITests.debug.xcconfig"; sourceTree = "<group>"; };
		DC639E76411C7CBE7848D3FC /* Pods-TweetJSONUITests.release.xcconfig */ = {isa = PBXFileReference; includeInIndex = 1; lastKnownFileType = text.xcconfig; name = "Pods-TweetJSONUITests.release.xcconfig"; path = "Pods/Target Support Files/Pods-TweetJSONUITests/Pods-TweetJSONUITests.release.xcconfig"; sourceTree = "<group>"; };
		F1E0CF2CBEF104051F901762 /* Pods-TweetJSONTests.release.xcconfig */ = {isa = PBXFileReference; includeInIndex = 1; lastKnownFileType = text.xcconfig; name = "Pods-TweetJSONTests.release.xcconfig"; path = "Pods/Target Support Files/Pods-TweetJSONTests/Pods-TweetJSONTests.release.xcconfig"; sourceTree = "<group>"; };
		F4126F94E00C892BB2EA1C4D /* libPods-TweetJSONTests.a */ = {isa = PBXFileReference; explicitFileType = archive.ar; includeInIndex = 0; path = "libPods-TweetJSONTests.a"; sourceTree = BUILT_PRODUCTS_DIR; };
/* End PBXFileReference section */

/* Begin PBXFrameworksBuildPhase section */
		24B839A31EF96ECE0096D6B9 /* Frameworks */ = {
			isa = PBXFrameworksBuildPhase;
			buildActionMask = 2147483647;
			files = (
				DB6F8FCCB0FF7948D9E2BE58 /* Pods_TweetJSON.framework in Frameworks */,
			);
			runOnlyForDeploymentPostprocessing = 0;
		};
		24B839B71EF96ECF0096D6B9 /* Frameworks */ = {
			isa = PBXFrameworksBuildPhase;
			buildActionMask = 2147483647;
			files = (
				B848A92B3D04C8D652632D71 /* libPods-TweetJSONTests.a in Frameworks */,
				AF522DDE7A48DEAF8E87BECD /* Pods_TweetJSON_TweetJSONTests.framework in Frameworks */,
			);
			runOnlyForDeploymentPostprocessing = 0;
		};
		24B839C21EF96ECF0096D6B9 /* Frameworks */ = {
			isa = PBXFrameworksBuildPhase;
			buildActionMask = 2147483647;
			files = (
				41C4148955876A37C8E448F1 /* libPods-TweetJSONUITests.a in Frameworks */,
				D50BD8AFC4C6633A988D5968 /* Pods_TweetJSON_TweetJSONUITests.framework in Frameworks */,
			);
			runOnlyForDeploymentPostprocessing = 0;
		};
/* End PBXFrameworksBuildPhase section */

/* Begin PBXGroup section */
		24B8399D1EF96ECE0096D6B9 = {
			isa = PBXGroup;
			children = (
				24B839A81EF96ECE0096D6B9 /* TweetJSON */,
				24B839BD1EF96ECF0096D6B9 /* TweetJSONTests */,
				24B839C81EF96ECF0096D6B9 /* TweetJSONUITests */,
				24B839A71EF96ECE0096D6B9 /* Products */,
				E5834B44B53168126E2B0512 /* Pods */,
				7CF9978FAEE714D2C08932CC /* Frameworks */,
			);
			sourceTree = "<group>";
		};
		24B839A71EF96ECE0096D6B9 /* Products */ = {
			isa = PBXGroup;
			children = (
				24B839A61EF96ECE0096D6B9 /* TweetJSON.app */,
				24B839BA1EF96ECF0096D6B9 /* TweetJSONTests.xctest */,
				24B839C51EF96ECF0096D6B9 /* TweetJSONUITests.xctest */,
			);
			name = Products;
			sourceTree = "<group>";
		};
		24B839A81EF96ECE0096D6B9 /* TweetJSON */ = {
			isa = PBXGroup;
			children = (
				247011BC1F02B95500171E20 /* LICENSE */,
				247011BD1F02B95500171E20 /* README.md */,
				24B839A91EF96ECE0096D6B9 /* AppDelegate.swift */,
				24B839B01EF96ECE0096D6B9 /* Assets.xcassets */,
				24B839B51EF96ECE0096D6B9 /* Info.plist */,
				24B839B21EF96ECE0096D6B9 /* LaunchScreen.storyboard */,
				24B839AD1EF96ECE0096D6B9 /* Main.storyboard */,
				24B839DF1EF96F780096D6B9 /* Twitter.plist */,
				244889D51F029B960034285B /* Twitter.blank.plist */,
				24B839AB1EF96ECE0096D6B9 /* ViewController.swift */,
			);
			path = TweetJSON;
			sourceTree = "<group>";
		};
		24B839BD1EF96ECF0096D6B9 /* TweetJSONTests */ = {
			isa = PBXGroup;
			children = (
				24B839BE1EF96ECF0096D6B9 /* TweetJSONTests.swift */,
				24B839C01EF96ECF0096D6B9 /* Info.plist */,
			);
			path = TweetJSONTests;
			sourceTree = "<group>";
		};
		24B839C81EF96ECF0096D6B9 /* TweetJSONUITests */ = {
			isa = PBXGroup;
			children = (
				24B839C91EF96ECF0096D6B9 /* TweetJSONUITests.swift */,
				24B839CB1EF96ECF0096D6B9 /* Info.plist */,
			);
			path = TweetJSONUITests;
			sourceTree = "<group>";
		};
		7CF9978FAEE714D2C08932CC /* Frameworks */ = {
			isa = PBXGroup;
			children = (
				30304B4DFCCC8E4D1B9BD665 /* Pods_TweetJSON.framework */,
				F4126F94E00C892BB2EA1C4D /* libPods-TweetJSONTests.a */,
				231C1014EA4FB5C5959B2F97 /* libPods-TweetJSONUITests.a */,
				1F381CA6F51453C89D88F6D0 /* Pods_TweetJSON_TweetJSONTests.framework */,
				6D554BDC65DCEA5F5A62D832 /* Pods_TweetJSON_TweetJSONUITests.framework */,
			);
			name = Frameworks;
			sourceTree = "<group>";
		};
		E5834B44B53168126E2B0512 /* Pods */ = {
			isa = PBXGroup;
			children = (
				B94548A9E77C7CCAD0A8A8C5 /* Pods-TweetJSON.debug.xcconfig */,
				409300454FD5B0E7DF8A500E /* Pods-TweetJSON.release.xcconfig */,
				6EE71E8FD33D75528274DA8E /* Pods-TweetJSONTests.debug.xcconfig */,
				F1E0CF2CBEF104051F901762 /* Pods-TweetJSONTests.release.xcconfig */,
				D5465EC9F3AA6B61921582CA /* Pods-TweetJSONUITests.debug.xcconfig */,
				DC639E76411C7CBE7848D3FC /* Pods-TweetJSONUITests.release.xcconfig */,
				4459BD15132EF89716DF1AC4 /* Pods-TweetJSON-TweetJSONTests.debug.xcconfig */,
				B2D2693DE6DC82872C1585C4 /* Pods-TweetJSON-TweetJSONTests.release.xcconfig */,
				004A8F15643CDA5915762499 /* Pods-TweetJSON-TweetJSONUITests.debug.xcconfig */,
				7C737550AE98C3AB9F64090B /* Pods-TweetJSON-TweetJSONUITests.release.xcconfig */,
			);
			name = Pods;
			sourceTree = "<group>";
		};
/* End PBXGroup section */

/* Begin PBXNativeTarget section */
		24B839A51EF96ECE0096D6B9 /* TweetJSON */ = {
			isa = PBXNativeTarget;
			buildConfigurationList = 24B839CE1EF96ECF0096D6B9 /* Build configuration list for PBXNativeTarget "TweetJSON" */;
			buildPhases = (
				43B3C053F0F329B7CEB3D6DF /* [CP] Check Pods Manifest.lock */,
				24B839A21EF96ECE0096D6B9 /* Sources */,
				24B839A31EF96ECE0096D6B9 /* Frameworks */,
				24B839A41EF96ECE0096D6B9 /* Resources */,
				5BE6EFE4617E038D0CB72CAB /* [CP] Embed Pods Frameworks */,
				8E2DD6F46A7DD1881B88DF46 /* [CP] Copy Pods Resources */,
			);
			buildRules = (
			);
			dependencies = (
			);
			name = TweetJSON;
			productName = TweetJSON;
			productReference = 24B839A61EF96ECE0096D6B9 /* TweetJSON.app */;
			productType = "com.apple.product-type.application";
		};
		24B839B91EF96ECF0096D6B9 /* TweetJSONTests */ = {
			isa = PBXNativeTarget;
			buildConfigurationList = 24B839D11EF96ECF0096D6B9 /* Build configuration list for PBXNativeTarget "TweetJSONTests" */;
			buildPhases = (
				F158B5FE03F71DC16A6C406D /* [CP] Check Pods Manifest.lock */,
				24B839B61EF96ECF0096D6B9 /* Sources */,
				24B839B71EF96ECF0096D6B9 /* Frameworks */,
				24B839B81EF96ECF0096D6B9 /* Resources */,
				423C19ECFEE14F4580F54A6F /* [CP] Embed Pods Frameworks */,
				C6D14F279473EEB22B2D5CBA /* [CP] Copy Pods Resources */,
			);
			buildRules = (
			);
			dependencies = (
				24B839BC1EF96ECF0096D6B9 /* PBXTargetDependency */,
			);
			name = TweetJSONTests;
			productName = TweetJSONTests;
			productReference = 24B839BA1EF96ECF0096D6B9 /* TweetJSONTests.xctest */;
			productType = "com.apple.product-type.bundle.unit-test";
		};
		24B839C41EF96ECF0096D6B9 /* TweetJSONUITests */ = {
			isa = PBXNativeTarget;
			buildConfigurationList = 24B839D41EF96ECF0096D6B9 /* Build configuration list for PBXNativeTarget "TweetJSONUITests" */;
			buildPhases = (
				58356488D2A5DA2B187B60B4 /* [CP] Check Pods Manifest.lock */,
				24B839C11EF96ECF0096D6B9 /* Sources */,
				24B839C21EF96ECF0096D6B9 /* Frameworks */,
				24B839C31EF96ECF0096D6B9 /* Resources */,
				B467B988875B37C82D36413C /* [CP] Embed Pods Frameworks */,
				3FB3DC2C77410089357AD957 /* [CP] Copy Pods Resources */,
			);
			buildRules = (
			);
			dependencies = (
				24B839C71EF96ECF0096D6B9 /* PBXTargetDependency */,
			);
			name = TweetJSONUITests;
			productName = TweetJSONUITests;
			productReference = 24B839C51EF96ECF0096D6B9 /* TweetJSONUITests.xctest */;
			productType = "com.apple.product-type.bundle.ui-testing";
		};
/* End PBXNativeTarget section */

/* Begin PBXProject section */
		24B8399E1EF96ECE0096D6B9 /* Project object */ = {
			isa = PBXProject;
			attributes = {
				LastSwiftUpdateCheck = 0830;
				LastUpgradeCheck = 0830;
				ORGANIZATIONNAME = "Andy Piper";
				TargetAttributes = {
					24B839A51EF96ECE0096D6B9 = {
						CreatedOnToolsVersion = 8.3.3;
						DevelopmentTeam = M8VV47XKQN;
						ProvisioningStyle = Automatic;
					};
					24B839B91EF96ECF0096D6B9 = {
						CreatedOnToolsVersion = 8.3.3;
						DevelopmentTeam = M8VV47XKQN;
						ProvisioningStyle = Automatic;
						TestTargetID = 24B839A51EF96ECE0096D6B9;
					};
					24B839C41EF96ECF0096D6B9 = {
						CreatedOnToolsVersion = 8.3.3;
						DevelopmentTeam = M8VV47XKQN;
						ProvisioningStyle = Automatic;
						TestTargetID = 24B839A51EF96ECE0096D6B9;
					};
				};
			};
			buildConfigurationList = 24B839A11EF96ECE0096D6B9 /* Build configuration list for PBXProject "TweetJSON" */;
			compatibilityVersion = "Xcode 3.2";
			developmentRegion = English;
			hasScannedForEncodings = 0;
			knownRegions = (
				en,
				Base,
			);
			mainGroup = 24B8399D1EF96ECE0096D6B9;
			productRefGroup = 24B839A71EF96ECE0096D6B9 /* Products */;
			projectDirPath = "";
			projectRoot = "";
			targets = (
				24B839A51EF96ECE0096D6B9 /* TweetJSON */,
				24B839B91EF96ECF0096D6B9 /* TweetJSONTests */,
				24B839C41EF96ECF0096D6B9 /* TweetJSONUITests */,
			);
		};
/* End PBXProject section */

/* Begin PBXResourcesBuildPhase section */
		24B839A41EF96ECE0096D6B9 /* Resources */ = {
			isa = PBXResourcesBuildPhase;
			buildActionMask = 2147483647;
			files = (
				24B839B41EF96ECE0096D6B9 /* LaunchScreen.storyboard in Resources */,
				24B839B11EF96ECE0096D6B9 /* Assets.xcassets in Resources */,
				244889D61F029B960034285B /* Twitter.blank.plist in Resources */,
				24B839AF1EF96ECE0096D6B9 /* Main.storyboard in Resources */,
				24B839E01EF96F780096D6B9 /* Twitter.plist in Resources */,
			);
			runOnlyForDeploymentPostprocessing = 0;
		};
		24B839B81EF96ECF0096D6B9 /* Resources */ = {
			isa = PBXResourcesBuildPhase;
			buildActionMask = 2147483647;
			files = (
			);
			runOnlyForDeploymentPostprocessing = 0;
		};
		24B839C31EF96ECF0096D6B9 /* Resources */ = {
			isa = PBXResourcesBuildPhase;
			buildActionMask = 2147483647;
			files = (
			);
			runOnlyForDeploymentPostprocessing = 0;
		};
/* End PBXResourcesBuildPhase section */

/* Begin PBXShellScriptBuildPhase section */
		3FB3DC2C77410089357AD957 /* [CP] Copy Pods Resources */ = {
			isa = PBXShellScriptBuildPhase;
			buildActionMask = 2147483647;
			files = (
			);
			inputPaths = (
			);
			name = "[CP] Copy Pods Resources";
			outputPaths = (
			);
			runOnlyForDeploymentPostprocessing = 0;
			shellPath = /bin/sh;
			shellScript = "\"${SRCROOT}/Pods/Target Support Files/Pods-TweetJSON-TweetJSONUITests/Pods-TweetJSON-TweetJSONUITests-resources.sh\"\n";
			showEnvVarsInLog = 0;
		};
		423C19ECFEE14F4580F54A6F /* [CP] Embed Pods Frameworks */ = {
			isa = PBXShellScriptBuildPhase;
			buildActionMask = 2147483647;
			files = (
			);
			inputPaths = (
			);
			name = "[CP] Embed Pods Frameworks";
			outputPaths = (
			);
			runOnlyForDeploymentPostprocessing = 0;
			shellPath = /bin/sh;
			shellScript = "\"${SRCROOT}/Pods/Target Support Files/Pods-TweetJSON-TweetJSONTests/Pods-TweetJSON-TweetJSONTests-frameworks.sh\"\n";
			showEnvVarsInLog = 0;
		};
		43B3C053F0F329B7CEB3D6DF /* [CP] Check Pods Manifest.lock */ = {
			isa = PBXShellScriptBuildPhase;
			buildActionMask = 2147483647;
			files = (
			);
			inputPaths = (
			);
			name = "[CP] Check Pods Manifest.lock";
			outputPaths = (
			);
			runOnlyForDeploymentPostprocessing = 0;
			shellPath = /bin/sh;
			shellScript = "diff \"${PODS_PODFILE_DIR_PATH}/Podfile.lock\" \"${PODS_ROOT}/Manifest.lock\" > /dev/null\nif [ $? != 0 ] ; then\n    # print error to STDERR\n    echo \"error: The sandbox is not in sync with the Podfile.lock. Run 'pod install' or update your CocoaPods installation.\" >&2\n    exit 1\nfi\n";
			showEnvVarsInLog = 0;
		};
		58356488D2A5DA2B187B60B4 /* [CP] Check Pods Manifest.lock */ = {
			isa = PBXShellScriptBuildPhase;
			buildActionMask = 2147483647;
			files = (
			);
			inputPaths = (
			);
			name = "[CP] Check Pods Manifest.lock";
			outputPaths = (
			);
			runOnlyForDeploymentPostprocessing = 0;
			shellPath = /bin/sh;
			shellScript = "diff \"${PODS_PODFILE_DIR_PATH}/Podfile.lock\" \"${PODS_ROOT}/Manifest.lock\" > /dev/null\nif [ $? != 0 ] ; then\n    # print error to STDERR\n    echo \"error: The sandbox is not in sync with the Podfile.lock. Run 'pod install' or update your CocoaPods installation.\" >&2\n    exit 1\nfi\n";
			showEnvVarsInLog = 0;
		};
		5BE6EFE4617E038D0CB72CAB /* [CP] Embed Pods Frameworks */ = {
			isa = PBXShellScriptBuildPhase;
			buildActionMask = 2147483647;
			files = (
			);
			inputPaths = (
			);
			name = "[CP] Embed Pods Frameworks";
			outputPaths = (
			);
			runOnlyForDeploymentPostprocessing = 0;
			shellPath = /bin/sh;
			shellScript = "\"${SRCROOT}/Pods/Target Support Files/Pods-TweetJSON/Pods-TweetJSON-frameworks.sh\"\n";
			showEnvVarsInLog = 0;
		};
		8E2DD6F46A7DD1881B88DF46 /* [CP] Copy Pods Resources */ = {
			isa = PBXShellScriptBuildPhase;
			buildActionMask = 2147483647;
			files = (
			);
			inputPaths = (
			);
			name = "[CP] Copy Pods Resources";
			outputPaths = (
			);
			runOnlyForDeploymentPostprocessing = 0;
			shellPath = /bin/sh;
			shellScript = "\"${SRCROOT}/Pods/Target Support Files/Pods-TweetJSON/Pods-TweetJSON-resources.sh\"\n";
			showEnvVarsInLog = 0;
		};
		B467B988875B37C82D36413C /* [CP] Embed Pods Frameworks */ = {
			isa = PBXShellScriptBuildPhase;
			buildActionMask = 2147483647;
			files = (
			);
			inputPaths = (
			);
			name = "[CP] Embed Pods Frameworks";
			outputPaths = (
			);
			runOnlyForDeploymentPostprocessing = 0;
			shellPath = /bin/sh;
			shellScript = "\"${SRCROOT}/Pods/Target Support Files/Pods-TweetJSON-TweetJSONUITests/Pods-TweetJSON-TweetJSONUITests-frameworks.sh\"\n";
			showEnvVarsInLog = 0;
		};
		C6D14F279473EEB22B2D5CBA /* [CP] Copy Pods Resources */ = {
			isa = PBXShellScriptBuildPhase;
			buildActionMask = 2147483647;
			files = (
			);
			inputPaths = (
			);
			name = "[CP] Copy Pods Resources";
			outputPaths = (
			);
			runOnlyForDeploymentPostprocessing = 0;
			shellPath = /bin/sh;
			shellScript = "\"${SRCROOT}/Pods/Target Support Files/Pods-TweetJSON-TweetJSONTests/Pods-TweetJSON-TweetJSONTests-resources.sh\"\n";
			showEnvVarsInLog = 0;
		};
		F158B5FE03F71DC16A6C406D /* [CP] Check Pods Manifest.lock */ = {
			isa = PBXShellScriptBuildPhase;
			buildActionMask = 2147483647;
			files = (
			);
			inputPaths = (
			);
			name = "[CP] Check Pods Manifest.lock";
			outputPaths = (
			);
			runOnlyForDeploymentPostprocessing = 0;
			shellPath = /bin/sh;
			shellScript = "diff \"${PODS_PODFILE_DIR_PATH}/Podfile.lock\" \"${PODS_ROOT}/Manifest.lock\" > /dev/null\nif [ $? != 0 ] ; then\n    # print error to STDERR\n    echo \"error: The sandbox is not in sync with the Podfile.lock. Run 'pod install' or update your CocoaPods installation.\" >&2\n    exit 1\nfi\n";
			showEnvVarsInLog = 0;
		};
/* End PBXShellScriptBuildPhase section */

/* Begin PBXSourcesBuildPhase section */
		24B839A21EF96ECE0096D6B9 /* Sources */ = {
			isa = PBXSourcesBuildPhase;
			buildActionMask = 2147483647;
			files = (
				24B839AC1EF96ECE0096D6B9 /* ViewController.swift in Sources */,
				24B839AA1EF96ECE0096D6B9 /* AppDelegate.swift in Sources */,
			);
			runOnlyForDeploymentPostprocessing = 0;
		};
		24B839B61EF96ECF0096D6B9 /* Sources */ = {
			isa = PBXSourcesBuildPhase;
			buildActionMask = 2147483647;
			files = (
				24B839BF1EF96ECF0096D6B9 /* TweetJSONTests.swift in Sources */,
			);
			runOnlyForDeploymentPostprocessing = 0;
		};
		24B839C11EF96ECF0096D6B9 /* Sources */ = {
			isa = PBXSourcesBuildPhase;
			buildActionMask = 2147483647;
			files = (
				24B839CA1EF96ECF0096D6B9 /* TweetJSONUITests.swift in Sources */,
			);
			runOnlyForDeploymentPostprocessing = 0;
		};
/* End PBXSourcesBuildPhase section */

/* Begin PBXTargetDependency section */
		24B839BC1EF96ECF0096D6B9 /* PBXTargetDependency */ = {
			isa = PBXTargetDependency;
			target = 24B839A51EF96ECE0096D6B9 /* TweetJSON */;
			targetProxy = 24B839BB1EF96ECF0096D6B9 /* PBXContainerItemProxy */;
		};
		24B839C71EF96ECF0096D6B9 /* PBXTargetDependency */ = {
			isa = PBXTargetDependency;
			target = 24B839A51EF96ECE0096D6B9 /* TweetJSON */;
			targetProxy = 24B839C61EF96ECF0096D6B9 /* PBXContainerItemProxy */;
		};
/* End PBXTargetDependency section */

/* Begin PBXVariantGroup section */
		24B839AD1EF96ECE0096D6B9 /* Main.storyboard */ = {
			isa = PBXVariantGroup;
			children = (
				24B839AE1EF96ECE0096D6B9 /* Base */,
			);
			name = Main.storyboard;
			sourceTree = "<group>";
		};
		24B839B21EF96ECE0096D6B9 /* LaunchScreen.storyboard */ = {
			isa = PBXVariantGroup;
			children = (
				24B839B31EF96ECE0096D6B9 /* Base */,
			);
			name = LaunchScreen.storyboard;
			sourceTree = "<group>";
		};
/* End PBXVariantGroup section */

/* Begin XCBuildConfiguration section */
		24B839CC1EF96ECF0096D6B9 /* Debug */ = {
			isa = XCBuildConfiguration;
			buildSettings = {
				ALWAYS_SEARCH_USER_PATHS = NO;
				CLANG_ANALYZER_NONNULL = YES;
				CLANG_ANALYZER_NUMBER_OBJECT_CONVERSION = YES_AGGRESSIVE;
				CLANG_CXX_LANGUAGE_STANDARD = "gnu++0x";
				CLANG_CXX_LIBRARY = "libc++";
				CLANG_ENABLE_MODULES = YES;
				CLANG_ENABLE_OBJC_ARC = YES;
				CLANG_WARN_BOOL_CONVERSION = YES;
				CLANG_WARN_CONSTANT_CONVERSION = YES;
				CLANG_WARN_DIRECT_OBJC_ISA_USAGE = YES_ERROR;
				CLANG_WARN_DOCUMENTATION_COMMENTS = YES;
				CLANG_WARN_EMPTY_BODY = YES;
				CLANG_WARN_ENUM_CONVERSION = YES;
				CLANG_WARN_INFINITE_RECURSION = YES;
				CLANG_WARN_INT_CONVERSION = YES;
				CLANG_WARN_OBJC_ROOT_CLASS = YES_ERROR;
				CLANG_WARN_SUSPICIOUS_MOVE = YES;
				CLANG_WARN_UNREACHABLE_CODE = YES;
				CLANG_WARN__DUPLICATE_METHOD_MATCH = YES;
				"CODE_SIGN_IDENTITY[sdk=iphoneos*]" = "iPhone Developer";
				COPY_PHASE_STRIP = NO;
				DEBUG_INFORMATION_FORMAT = dwarf;
				ENABLE_STRICT_OBJC_MSGSEND = YES;
				ENABLE_TESTABILITY = YES;
				GCC_C_LANGUAGE_STANDARD = gnu99;
				GCC_DYNAMIC_NO_PIC = NO;
				GCC_NO_COMMON_BLOCKS = YES;
				GCC_OPTIMIZATION_LEVEL = 0;
				GCC_PREPROCESSOR_DEFINITIONS = (
					"DEBUG=1",
					"$(inherited)",
				);
				GCC_WARN_64_TO_32_BIT_CONVERSION = YES;
				GCC_WARN_ABOUT_RETURN_TYPE = YES_ERROR;
				GCC_WARN_UNDECLARED_SELECTOR = YES;
				GCC_WARN_UNINITIALIZED_AUTOS = YES_AGGRESSIVE;
				GCC_WARN_UNUSED_FUNCTION = YES;
				GCC_WARN_UNUSED_VARIABLE = YES;
				IPHONEOS_DEPLOYMENT_TARGET = 10.3;
				MTL_ENABLE_DEBUG_INFO = YES;
				ONLY_ACTIVE_ARCH = YES;
				SDKROOT = iphoneos;
				SWIFT_ACTIVE_COMPILATION_CONDITIONS = DEBUG;
				SWIFT_OPTIMIZATION_LEVEL = "-Onone";
				TARGETED_DEVICE_FAMILY = "1,2";
			};
			name = Debug;
		};
		24B839CD1EF96ECF0096D6B9 /* Release */ = {
			isa = XCBuildConfiguration;
			buildSettings = {
				ALWAYS_SEARCH_USER_PATHS = NO;
				CLANG_ANALYZER_NONNULL = YES;
				CLANG_ANALYZER_NUMBER_OBJECT_CONVERSION = YES_AGGRESSIVE;
				CLANG_CXX_LANGUAGE_STANDARD = "gnu++0x";
				CLANG_CXX_LIBRARY = "libc++";
				CLANG_ENABLE_MODULES = YES;
				CLANG_ENABLE_OBJC_ARC = YES;
				CLANG_WARN_BOOL_CONVERSION = YES;
				CLANG_WARN_CONSTANT_CONVERSION = YES;
				CLANG_WARN_DIRECT_OBJC_ISA_USAGE = YES_ERROR;
				CLANG_WARN_DOCUMENTATION_COMMENTS = YES;
				CLANG_WARN_EMPTY_BODY = YES;
				CLANG_WARN_ENUM_CONVERSION = YES;
				CLANG_WARN_INFINITE_RECURSION = YES;
				CLANG_WARN_INT_CONVERSION = YES;
				CLANG_WARN_OBJC_ROOT_CLASS = YES_ERROR;
				CLANG_WARN_SUSPICIOUS_MOVE = YES;
				CLANG_WARN_UNREACHABLE_CODE = YES;
				CLANG_WARN__DUPLICATE_METHOD_MATCH = YES;
				"CODE_SIGN_IDENTITY[sdk=iphoneos*]" = "iPhone Developer";
				COPY_PHASE_STRIP = NO;
				DEBUG_INFORMATION_FORMAT = "dwarf-with-dsym";
				ENABLE_NS_ASSERTIONS = NO;
				ENABLE_STRICT_OBJC_MSGSEND = YES;
				GCC_C_LANGUAGE_STANDARD = gnu99;
				GCC_NO_COMMON_BLOCKS = YES;
				GCC_WARN_64_TO_32_BIT_CONVERSION = YES;
				GCC_WARN_ABOUT_RETURN_TYPE = YES_ERROR;
				GCC_WARN_UNDECLARED_SELECTOR = YES;
				GCC_WARN_UNINITIALIZED_AUTOS = YES_AGGRESSIVE;
				GCC_WARN_UNUSED_FUNCTION = YES;
				GCC_WARN_UNUSED_VARIABLE = YES;
				IPHONEOS_DEPLOYMENT_TARGET = 10.3;
				MTL_ENABLE_DEBUG_INFO = NO;
				SDKROOT = iphoneos;
				SWIFT_OPTIMIZATION_LEVEL = "-Owholemodule";
				TARGETED_DEVICE_FAMILY = "1,2";
				VALIDATE_PRODUCT = YES;
			};
			name = Release;
		};
		24B839CF1EF96ECF0096D6B9 /* Debug */ = {
			isa = XCBuildConfiguration;
			baseConfigurationReference = B94548A9E77C7CCAD0A8A8C5 /* Pods-TweetJSON.debug.xcconfig */;
			buildSettings = {
				ASSETCATALOG_COMPILER_APPICON_NAME = AppIcon;
				DEVELOPMENT_TEAM = M8VV47XKQN;
				FRAMEWORK_SEARCH_PATHS = (
					"$(inherited)",
					"$(PROJECT_DIR)/TweetJSON",
				);
				INFOPLIST_FILE = TweetJSON/Info.plist;
				LD_RUNPATH_SEARCH_PATHS = "$(inherited) @executable_path/Frameworks";
				PRODUCT_BUNDLE_IDENTIFIER = com.andypiper.TweetJSON;
				PRODUCT_NAME = "$(TARGET_NAME)";
				SWIFT_VERSION = 3.0;
			};
			name = Debug;
		};
		24B839D01EF96ECF0096D6B9 /* Release */ = {
			isa = XCBuildConfiguration;
			baseConfigurationReference = 409300454FD5B0E7DF8A500E /* Pods-TweetJSON.release.xcconfig */;
			buildSettings = {
				ASSETCATALOG_COMPILER_APPICON_NAME = AppIcon;
				DEVELOPMENT_TEAM = M8VV47XKQN;
				FRAMEWORK_SEARCH_PATHS = (
					"$(inherited)",
					"$(PROJECT_DIR)/TweetJSON",
				);
				INFOPLIST_FILE = TweetJSON/Info.plist;
				LD_RUNPATH_SEARCH_PATHS = "$(inherited) @executable_path/Frameworks";
				PRODUCT_BUNDLE_IDENTIFIER = com.andypiper.TweetJSON;
				PRODUCT_NAME = "$(TARGET_NAME)";
				SWIFT_VERSION = 3.0;
			};
			name = Release;
		};
		24B839D21EF96ECF0096D6B9 /* Debug */ = {
			isa = XCBuildConfiguration;
			baseConfigurationReference = 4459BD15132EF89716DF1AC4 /* Pods-TweetJSON-TweetJSONTests.debug.xcconfig */;
			buildSettings = {
				ALWAYS_EMBED_SWIFT_STANDARD_LIBRARIES = YES;
				BUNDLE_LOADER = "$(TEST_HOST)";
				DEVELOPMENT_TEAM = M8VV47XKQN;
				INFOPLIST_FILE = TweetJSONTests/Info.plist;
				LD_RUNPATH_SEARCH_PATHS = "$(inherited) @executable_path/Frameworks @loader_path/Frameworks";
				PRODUCT_BUNDLE_IDENTIFIER = com.andypiper.TweetJSONTests;
				PRODUCT_NAME = "$(TARGET_NAME)";
				SWIFT_VERSION = 3.0;
				TEST_HOST = "$(BUILT_PRODUCTS_DIR)/TweetJSON.app/TweetJSON";
			};
			name = Debug;
		};
		24B839D31EF96ECF0096D6B9 /* Release */ = {
			isa = XCBuildConfiguration;
			baseConfigurationReference = B2D2693DE6DC82872C1585C4 /* Pods-TweetJSON-TweetJSONTests.release.xcconfig */;
			buildSettings = {
				ALWAYS_EMBED_SWIFT_STANDARD_LIBRARIES = YES;
				BUNDLE_LOADER = "$(TEST_HOST)";
				DEVELOPMENT_TEAM = M8VV47XKQN;
				INFOPLIST_FILE = TweetJSONTests/Info.plist;
				LD_RUNPATH_SEARCH_PATHS = "$(inherited) @executable_path/Frameworks @loader_path/Frameworks";
				PRODUCT_BUNDLE_IDENTIFIER = com.andypiper.TweetJSONTests;
				PRODUCT_NAME = "$(TARGET_NAME)";
				SWIFT_VERSION = 3.0;
				TEST_HOST = "$(BUILT_PRODUCTS_DIR)/TweetJSON.app/TweetJSON";
			};
			name = Release;
		};
		24B839D51EF96ECF0096D6B9 /* Debug */ = {
			isa = XCBuildConfiguration;
			baseConfigurationReference = 004A8F15643CDA5915762499 /* Pods-TweetJSON-TweetJSONUITests.debug.xcconfig */;
			buildSettings = {
				ALWAYS_EMBED_SWIFT_STANDARD_LIBRARIES = YES;
				DEVELOPMENT_TEAM = M8VV47XKQN;
				INFOPLIST_FILE = TweetJSONUITests/Info.plist;
				LD_RUNPATH_SEARCH_PATHS = "$(inherited) @executable_path/Frameworks @loader_path/Frameworks";
				PRODUCT_BUNDLE_IDENTIFIER = com.andypiper.TweetJSONUITests;
				PRODUCT_NAME = "$(TARGET_NAME)";
				SWIFT_VERSION = 3.0;
				TEST_TARGET_NAME = TweetJSON;
			};
			name = Debug;
		};
		24B839D61EF96ECF0096D6B9 /* Release */ = {
			isa = XCBuildConfiguration;
			baseConfigurationReference = 7C737550AE98C3AB9F64090B /* Pods-TweetJSON-TweetJSONUITests.release.xcconfig */;
			buildSettings = {
				ALWAYS_EMBED_SWIFT_STANDARD_LIBRARIES = YES;
				DEVELOPMENT_TEAM = M8VV47XKQN;
				INFOPLIST_FILE = TweetJSONUITests/Info.plist;
				LD_RUNPATH_SEARCH_PATHS = "$(inherited) @executable_path/Frameworks @loader_path/Frameworks";
				PRODUCT_BUNDLE_IDENTIFIER = com.andypiper.TweetJSONUITests;
				PRODUCT_NAME = "$(TARGET_NAME)";
				SWIFT_VERSION = 3.0;
				TEST_TARGET_NAME = TweetJSON;
			};
			name = Release;
		};
/* End XCBuildConfiguration section */

/* Begin XCConfigurationList section */
		24B839A11EF96ECE0096D6B9 /* Build configuration list for PBXProject "TweetJSON" */ = {
			isa = XCConfigurationList;
			buildConfigurations = (
				24B839CC1EF96ECF0096D6B9 /* Debug */,
				24B839CD1EF96ECF0096D6B9 /* Release */,
			);
			defaultConfigurationIsVisible = 0;
			defaultConfigurationName = Release;
		};
		24B839CE1EF96ECF0096D6B9 /* Build configuration list for PBXNativeTarget "TweetJSON" */ = {
			isa = XCConfigurationList;
			buildConfigurations = (
				24B839CF1EF96ECF0096D6B9 /* Debug */,
				24B839D01EF96ECF0096D6B9 /* Release */,
			);
			defaultConfigurationIsVisible = 0;
			defaultConfigurationName = Release;
		};
		24B839D11EF96ECF0096D6B9 /* Build configuration list for PBXNativeTarget "TweetJSONTests" */ = {
			isa = XCConfigurationList;
			buildConfigurations = (
				24B839D21EF96ECF0096D6B9 /* Debug */,
				24B839D31EF96ECF0096D6B9 /* Release */,
			);
			defaultConfigurationIsVisible = 0;
			defaultConfigurationName = Release;
		};
		24B839D41EF96ECF0096D6B9 /* Build configuration list for PBXNativeTarget "TweetJSONUITests" */ = {
			isa = XCConfigurationList;
			buildConfigurations = (
				24B839D51EF96ECF0096D6B9 /* Debug */,
				24B839D61EF96ECF0096D6B9 /* Release */,
			);
			defaultConfigurationIsVisible = 0;
			defaultConfigurationName = Release;
		};
/* End XCConfigurationList section */
	};
	rootObject = 24B8399E1EF96ECE0096D6B9 /* Project object */;
}
